// !$*UTF8*$!
{
	archiveVersion = 1;
	classes = {
	};
	objectVersion = 46;
	objects = {

/* Begin PBXBuildFile section */
		AA6FC2951D90C38F00844E4C /* main.m in Sources */ = {isa = PBXBuildFile; fileRef = AA6FC2941D90C38F00844E4C /* main.m */; };
		AA6FC29D1D90C3AA00844E4C /* Person.m in Sources */ = {isa = PBXBuildFile; fileRef = AA6FC29C1D90C3AA00844E4C /* Person.m */; };
		AA6FC2A31D90C4BE00844E4C /* Warrior.m in Sources */ = {isa = PBXBuildFile; fileRef = AA6FC2A21D90C4BE00844E4C /* Warrior.m */; };
		AAB6970B1D90C52000B326E7 /* Wizard.m in Sources */ = {isa = PBXBuildFile; fileRef = AAB6970A1D90C52000B326E7 /* Wizard.m */; };
/* End PBXBuildFile section */

/* Begin PBXCopyFilesBuildPhase section */
		AA6FC28F1D90C38F00844E4C /* CopyFiles */ = {
			isa = PBXCopyFilesBuildPhase;
			buildActionMask = 2147483647;
			dstPath = /usr/share/man/man1/;
			dstSubfolderSpec = 0;
			files = (
			);
			runOnlyForDeploymentPostprocessing = 1;
		};
/* End PBXCopyFilesBuildPhase section */

/* Begin PBXFileReference section */
		AA6FC2911D90C38F00844E4C /* StructureExample2 */ = {isa = PBXFileReference; explicitFileType = "compiled.mach-o.executable"; includeInIndex = 0; path = StructureExample2; sourceTree = BUILT_PRODUCTS_DIR; };
		AA6FC2941D90C38F00844E4C /* main.m */ = {isa = PBXFileReference; lastKnownFileType = sourcecode.c.objc; path = main.m; sourceTree = "<group>"; };
		AA6FC29B1D90C3AA00844E4C /* Person.h */ = {isa = PBXFileReference; fileEncoding = 4; lastKnownFileType = sourcecode.c.h; path = Person.h; sourceTree = "<group>"; };
		AA6FC29C1D90C3AA00844E4C /* Person.m */ = {isa = PBXFileReference; fileEncoding = 4; lastKnownFileType = sourcecode.c.objc; path = Person.m; sourceTree = "<group>"; };
		AA6FC2A11D90C4BE00844E4C /* Warrior.h */ = {isa = PBXFileReference; fileEncoding = 4; lastKnownFileType = sourcecode.c.h; path = Warrior.h; sourceTree = "<group>"; };
		AA6FC2A21D90C4BE00844E4C /* Warrior.m */ = {isa = PBXFileReference; fileEncoding = 4; lastKnownFileType = sourcecode.c.objc; path = Warrior.m; sourceTree = "<group>"; };
		AAB697091D90C52000B326E7 /* Wizard.h */ = {isa = PBXFileReference; fileEncoding = 4; lastKnownFileType = sourcecode.c.h; path = Wizard.h; sourceTree = "<group>"; };
		AAB6970A1D90C52000B326E7 /* Wizard.m */ = {isa = PBXFileReference; fileEncoding = 4; lastKnownFileType = sourcecode.c.objc; path = Wizard.m; sourceTree = "<group>"; };
/* End PBXFileReference section */

/* Begin PBXFrameworksBuildPhase section */
		AA6FC28E1D90C38F00844E4C /* Frameworks */ = {
			isa = PBXFrameworksBuildPhase;
			buildActionMask = 2147483647;
			files = (
			);
			runOnlyForDeploymentPostprocessing = 0;
		};
/* End PBXFrameworksBuildPhase section */

/* Begin PBXGroup section */
		AA6FC2881D90C38F00844E4C = {
			isa = PBXGroup;
			children = (
				AA6FC2931D90C38F00844E4C /* StructureExample2 */,
				AA6FC2921D90C38F00844E4C /* Products */,
			);
			sourceTree = "<group>";
		};
		AA6FC2921D90C38F00844E4C /* Products */ = {
			isa = PBXGroup;
			children = (
				AA6FC2911D90C38F00844E4C /* StructureExample2 */,
			);
			name = Products;
			sourceTree = "<group>";
		};
		AA6FC2931D90C38F00844E4C /* StructureExample2 */ = {
			isa = PBXGroup;
			children = (
				AA6FC2941D90C38F00844E4C /* main.m */,
				AA6FC29B1D90C3AA00844E4C /* Person.h */,
				AA6FC2A11D90C4BE00844E4C /* Warrior.h */,
				AAB697091D90C52000B326E7 /* Wizard.h */,
				AAB6970A1D90C52000B326E7 /* Wizard.m */,
				AA6FC2A21D90C4BE00844E4C /* Warrior.m */,
				AA6FC29C1D90C3AA00844E4C /* Person.m */,
			);
			path = StructureExample2;
			sourceTree = "<group>";
		};
/* End PBXGroup section */

/* Begin PBXNativeTarget section */
		AA6FC2901D90C38F00844E4C /* StructureExample2 */ = {
			isa = PBXNativeTarget;
			buildConfigurationList = AA6FC2981D90C38F00844E4C /* Build configuration list for PBXNativeTarget "StructureExample2" */;
			buildPhases = (
				AA6FC28D1D90C38F00844E4C /* Sources */,
				AA6FC28E1D90C38F00844E4C /* Frameworks */,
				AA6FC28F1D90C38F00844E4C /* CopyFiles */,
			);
			buildRules = (
			);
			dependencies = (
			);
			name = StructureExample2;
			productName = StructureExample2;
			productReference = AA6FC2911D90C38F00844E4C /* StructureExample2 */;
			productType = "com.apple.product-type.tool";
		};
/* End PBXNativeTarget section */

/* Begin PBXProject section */
		AA6FC2891D90C38F00844E4C /* Project object */ = {
			isa = PBXProject;
			attributes = {
				LastUpgradeCheck = 0800;
				ORGANIZATIONNAME = iosSchool;
				TargetAttributes = {
					AA6FC2901D90C38F00844E4C = {
						CreatedOnToolsVersion = 8.0;
						ProvisioningStyle = Automatic;
					};
				};
			};
			buildConfigurationList = AA6FC28C1D90C38F00844E4C /* Build configuration list for PBXProject "StructureExample2" */;
			compatibilityVersion = "Xcode 3.2";
			developmentRegion = English;
			hasScannedForEncodings = 0;
			knownRegions = (
				en,
			);
			mainGroup = AA6FC2881D90C38F00844E4C;
			productRefGroup = AA6FC2921D90C38F00844E4C /* Products */;
			projectDirPath = "";
			projectRoot = "";
			targets = (
				AA6FC2901D90C38F00844E4C /* StructureExample2 */,
			);
		};
/* End PBXProject section */

/* Begin PBXSourcesBuildPhase section */
		AA6FC28D1D90C38F00844E4C /* Sources */ = {
			isa = PBXSourcesBuildPhase;
			buildActionMask = 2147483647;
			files = (
				AAB6970B1D90C52000B326E7 /* Wizard.m in Sources */,
				AA6FC2A31D90C4BE00844E4C /* Warrior.m in Sources */,
				AA6FC29D1D90C3AA00844E4C /* Person.m in Sources */,
				AA6FC2951D90C38F00844E4C /* main.m in Sources */,
			);
			runOnlyForDeploymentPostprocessing = 0;
		};
/* End PBXSourcesBuildPhase section */

/* Begin XCBuildConfiguration section */
		AA6FC2961D90C38F00844E4C /* Debug */ = {
			isa = XCBuildConfiguration;
			buildSettings = {
				ALWAYS_SEARCH_USER_PATHS = NO;
				CLANG_ANALYZER_NONNULL = YES;
				CLANG_CXX_LANGUAGE_STANDARD = "gnu++0x";
				CLANG_CXX_LIBRARY = "libc++";
				CLANG_ENABLE_MODULES = YES;
				CLANG_ENABLE_OBJC_ARC = YES;
				CLANG_WARN_BOOL_CONVERSION = YES;
				CLANG_WARN_CONSTANT_CONVERSION = YES;
				CLANG_WARN_DIRECT_OBJC_ISA_USAGE = YES_ERROR;
				CLANG_WARN_DOCUMENTATION_COMMENTS = YES;
				CLANG_WARN_EMPTY_BODY = YES;
				CLANG_WARN_ENUM_CONVERSION = YES;
				CLANG_WARN_INFINITE_RECURSION = YES;
				CLANG_WARN_INT_CONVERSION = YES;
				CLANG_WARN_OBJC_ROOT_CLASS = YES_ERROR;
				CLANG_WARN_SUSPICIOUS_MOVES = YES;
				CLANG_WARN_UNREACHABLE_CODE = YES;
				CLANG_WARN__DUPLICATE_METHOD_MATCH = YES;
				CODE_SIGN_IDENTITY = "-";
				COPY_PHASE_STRIP = NO;
				DEBUG_INFORMATION_FORMAT = dwarf;
				ENABLE_STRICT_OBJC_MSGSEND = YES;
				ENABLE_TESTABILITY = YES;
				GCC_C_LANGUAGE_STANDARD = gnu99;
				GCC_DYNAMIC_NO_PIC = NO;
				GCC_NO_COMMON_BLOCKS = YES;
				GCC_OPTIMIZATION_LEVEL = 0;
				GCC_PREPROCESSOR_DEFINITIONS = (
					"DEBUG=1",
					"$(inherited)",
				);
				GCC_WARN_64_TO_32_BIT_CONVERSION = YES;
				GCC_WARN_ABOUT_RETURN_TYPE = YES_ERROR;
				GCC_WARN_UNDECLARED_SELECTOR = YES;
				GCC_WARN_UNINITIALIZED_AUTOS = YES_AGGRESSIVE;
				GCC_WARN_UNUSED_FUNCTION = YES;
				GCC_WARN_UNUSED_VARIABLE = YES;
				MACOSX_DEPLOYMENT_TARGET = 10.11;
				MTL_ENABLE_DEBUG_INFO = YES;
				ONLY_ACTIVE_ARCH = YES;
				SDKROOT = macosx;
			};
			name = Debug;
		};
		AA6FC2971D90C38F00844E4C /* Release */ = {
			isa = XCBuildConfiguration;
			buildSettings = {
				ALWAYS_SEARCH_USER_PATHS = NO;
				CLANG_ANALYZER_NONNULL = YES;
				CLANG_CXX_LANGUAGE_STANDARD = "gnu++0x";
				CLANG_CXX_LIBRARY = "libc++";
				CLANG_ENABLE_MODULES = YES;
				CLANG_ENABLE_OBJC_ARC = YES;
				CLANG_WARN_BOOL_CONVERSION = YES;
				CLANG_WARN_CONSTANT_CONVERSION = YES;
				CLANG_WARN_DIRECT_OBJC_ISA_USAGE = YES_ERROR;
				CLANG_WARN_DOCUMENTATION_COMMENTS = YES;
				CLANG_WARN_EMPTY_BODY = YES;
				CLANG_WARN_ENUM_CONVERSION = YES;
				CLANG_WARN_INFINITE_RECURSION = YES;
				CLANG_WARN_INT_CONVERSION = YES;
				CLANG_WARN_OBJC_ROOT_CLASS = YES_ERROR;
				CLANG_WARN_SUSPICIOUS_MOVES = YES;
				CLANG_WARN_UNREACHABLE_CODE = YES;
				CLANG_WARN__DUPLICATE_METHOD_MATCH = YES;
				CODE_SIGN_IDENTITY = "-";
				COPY_PHASE_STRIP = NO;
				DEBUG_INFORMATION_FORMAT = "dwarf-with-dsym";
				ENABLE_NS_ASSERTIONS = NO;
				ENABLE_STRICT_OBJC_MSGSEND = YES;
				GCC_C_LANGUAGE_STANDARD = gnu99;
				GCC_NO_COMMON_BLOCKS = YES;
				GCC_WARN_64_TO_32_BIT_CONVERSION = YES;
				GCC_WARN_ABOUT_RETURN_TYPE = YES_ERROR;
				GCC_WARN_UNDECLARED_SELECTOR = YES;
				GCC_WARN_UNINITIALIZED_AUTOS = YES_AGGRESSIVE;
				GCC_WARN_UNUSED_FUNCTION = YES;
				GCC_WARN_UNUSED_VARIABLE = YES;
				MACOSX_DEPLOYMENT_TARGET = 10.11;
				MTL_ENABLE_DEBUG_INFO = NO;
				SDKROOT = macosx;
			};
			name = Release;
		};
		AA6FC2991D90C38F00844E4C /* Debug */ = {
			isa = XCBuildConfiguration;
			buildSettings = {
				PRODUCT_NAME = "$(TARGET_NAME)";
			};
			name = Debug;
		};
		AA6FC29A1D90C38F00844E4C /* Release */ = {
			isa = XCBuildConfiguration;
			buildSettings = {
				PRODUCT_NAME = "$(TARGET_NAME)";
			};
			name = Release;
		};
/* End XCBuildConfiguration section */

/* Begin XCConfigurationList section */
		AA6FC28C1D90C38F00844E4C /* Build configuration list for PBXProject "StructureExample2" */ = {
			isa = XCConfigurationList;
			buildConfigurations = (
				AA6FC2961D90C38F00844E4C /* Debug */,
				AA6FC2971D90C38F00844E4C /* Release */,
			);
			defaultConfigurationIsVisible = 0;
			defaultConfigurationName = Release;
		};
		AA6FC2981D90C38F00844E4C /* Build configuration list for PBXNativeTarget "StructureExample2" */ = {
			isa = XCConfigurationList;
			buildConfigurations = (
				AA6FC2991D90C38F00844E4C /* Debug */,
				AA6FC29A1D90C38F00844E4C /* Release */,
			);
			defaultConfigurationIsVisible = 0;
			defaultConfigurationName = Release;
		};
/* End XCConfigurationList section */
	};
	rootObject = AA6FC2891D90C38F00844E4C /* Project object */;
}
