// !$*UTF8*$!
{
	archiveVersion = 1;
	classes = {
	};
	objectVersion = 46;
	objects = {

/* Begin PBXBuildFile section */
		AA8F00011D8FC72200034925 /* Monster.m in Sources */ = {isa = PBXBuildFile; fileRef = AA8F00001D8FC72200034925 /* Monster.m */; };
		AA8F00041D8FCB1900034925 /* MacBook.m in Sources */ = {isa = PBXBuildFile; fileRef = AA8F00031D8FCB1900034925 /* MacBook.m */; };
		AA8F00071D8FCE4700034925 /* Chicken.m in Sources */ = {isa = PBXBuildFile; fileRef = AA8F00061D8FCE4700034925 /* Chicken.m */; };
		AA8FFFE71D8FB82A00034925 /* main.m in Sources */ = {isa = PBXBuildFile; fileRef = AA8FFFE61D8FB82A00034925 /* main.m */; };
		AA8FFFF21D8FB9C900034925 /* Person.m in Sources */ = {isa = PBXBuildFile; fileRef = AA8FFFF11D8FB9C900034925 /* Person.m */; };
		AA8FFFF51D8FC1A700034925 /* Warrior.m in Sources */ = {isa = PBXBuildFile; fileRef = AA8FFFF41D8FC1A700034925 /* Warrior.m */; };
		AA8FFFF81D8FC3EF00034925 /* Wizard.m in Sources */ = {isa = PBXBuildFile; fileRef = AA8FFFF71D8FC3EF00034925 /* Wizard.m */; };
		AA8FFFFB1D8FC50800034925 /* Archer.m in Sources */ = {isa = PBXBuildFile; fileRef = AA8FFFFA1D8FC50800034925 /* Archer.m */; };
		AA8FFFFE1D8FC60F00034925 /* Healer.m in Sources */ = {isa = PBXBuildFile; fileRef = AA8FFFFD1D8FC60F00034925 /* Healer.m */; };
/* End PBXBuildFile section */

/* Begin PBXCopyFilesBuildPhase section */
		AA8FFFE11D8FB82A00034925 /* CopyFiles */ = {
			isa = PBXCopyFilesBuildPhase;
			buildActionMask = 2147483647;
			dstPath = /usr/share/man/man1/;
			dstSubfolderSpec = 0;
			files = (
			);
			runOnlyForDeploymentPostprocessing = 1;
		};
/* End PBXCopyFilesBuildPhase section */

/* Begin PBXFileReference section */
		AA8F00001D8FC72200034925 /* Monster.m */ = {isa = PBXFileReference; fileEncoding = 4; lastKnownFileType = sourcecode.c.objc; path = Monster.m; sourceTree = "<group>"; };
		AA8F00021D8FCB1900034925 /* MacBook.h */ = {isa = PBXFileReference; fileEncoding = 4; lastKnownFileType = sourcecode.c.h; path = MacBook.h; sourceTree = "<group>"; };
		AA8F00031D8FCB1900034925 /* MacBook.m */ = {isa = PBXFileReference; fileEncoding = 4; lastKnownFileType = sourcecode.c.objc; path = MacBook.m; sourceTree = "<group>"; };
		AA8F00051D8FCE4700034925 /* Chicken.h */ = {isa = PBXFileReference; fileEncoding = 4; lastKnownFileType = sourcecode.c.h; path = Chicken.h; sourceTree = "<group>"; };
		AA8F00061D8FCE4700034925 /* Chicken.m */ = {isa = PBXFileReference; fileEncoding = 4; lastKnownFileType = sourcecode.c.objc; path = Chicken.m; sourceTree = "<group>"; };
		AA8FFFE31D8FB82A00034925 /* StructureExample */ = {isa = PBXFileReference; explicitFileType = "compiled.mach-o.executable"; includeInIndex = 0; path = StructureExample; sourceTree = BUILT_PRODUCTS_DIR; };
		AA8FFFE61D8FB82A00034925 /* main.m */ = {isa = PBXFileReference; lastKnownFileType = sourcecode.c.objc; path = main.m; sourceTree = "<group>"; };
		AA8FFFF01D8FB9C900034925 /* Person.h */ = {isa = PBXFileReference; fileEncoding = 4; lastKnownFileType = sourcecode.c.h; path = Person.h; sourceTree = "<group>"; };
		AA8FFFF11D8FB9C900034925 /* Person.m */ = {isa = PBXFileReference; fileEncoding = 4; lastKnownFileType = sourcecode.c.objc; path = Person.m; sourceTree = "<group>"; };
		AA8FFFF31D8FC1A700034925 /* Warrior.h */ = {isa = PBXFileReference; fileEncoding = 4; lastKnownFileType = sourcecode.c.h; path = Warrior.h; sourceTree = "<group>"; };
		AA8FFFF41D8FC1A700034925 /* Warrior.m */ = {isa = PBXFileReference; fileEncoding = 4; lastKnownFileType = sourcecode.c.objc; path = Warrior.m; sourceTree = "<group>"; };
		AA8FFFF61D8FC3EF00034925 /* Wizard.h */ = {isa = PBXFileReference; fileEncoding = 4; lastKnownFileType = sourcecode.c.h; path = Wizard.h; sourceTree = "<group>"; };
		AA8FFFF71D8FC3EF00034925 /* Wizard.m */ = {isa = PBXFileReference; fileEncoding = 4; lastKnownFileType = sourcecode.c.objc; path = Wizard.m; sourceTree = "<group>"; };
		AA8FFFF91D8FC50800034925 /* Archer.h */ = {isa = PBXFileReference; fileEncoding = 4; lastKnownFileType = sourcecode.c.h; path = Archer.h; sourceTree = "<group>"; };
		AA8FFFFA1D8FC50800034925 /* Archer.m */ = {isa = PBXFileReference; fileEncoding = 4; lastKnownFileType = sourcecode.c.objc; path = Archer.m; sourceTree = "<group>"; };
		AA8FFFFC1D8FC60F00034925 /* Healer.h */ = {isa = PBXFileReference; fileEncoding = 4; lastKnownFileType = sourcecode.c.h; path = Healer.h; sourceTree = "<group>"; };
		AA8FFFFD1D8FC60F00034925 /* Healer.m */ = {isa = PBXFileReference; fileEncoding = 4; lastKnownFileType = sourcecode.c.objc; path = Healer.m; sourceTree = "<group>"; };
		AA8FFFFF1D8FC72200034925 /* Monster.h */ = {isa = PBXFileReference; fileEncoding = 4; lastKnownFileType = sourcecode.c.h; path = Monster.h; sourceTree = "<group>"; };
/* End PBXFileReference section */

/* Begin PBXFrameworksBuildPhase section */
		AA8FFFE01D8FB82A00034925 /* Frameworks */ = {
			isa = PBXFrameworksBuildPhase;
			buildActionMask = 2147483647;
			files = (
			);
			runOnlyForDeploymentPostprocessing = 0;
		};
/* End PBXFrameworksBuildPhase section */

/* Begin PBXGroup section */
		AA8FFFDA1D8FB82A00034925 = {
			isa = PBXGroup;
			children = (
				AA8FFFE51D8FB82A00034925 /* StructureExample */,
				AA8FFFE41D8FB82A00034925 /* Products */,
			);
			sourceTree = "<group>";
		};
		AA8FFFE41D8FB82A00034925 /* Products */ = {
			isa = PBXGroup;
			children = (
				AA8FFFE31D8FB82A00034925 /* StructureExample */,
			);
			name = Products;
			sourceTree = "<group>";
		};
		AA8FFFE51D8FB82A00034925 /* StructureExample */ = {
			isa = PBXGroup;
			children = (
				AA8FFFE61D8FB82A00034925 /* main.m */,
				AA8FFFF01D8FB9C900034925 /* Person.h */,
				AA8F00051D8FCE4700034925 /* Chicken.h */,
				AA8F00061D8FCE4700034925 /* Chicken.m */,
				AA8F00021D8FCB1900034925 /* MacBook.h */,
				AA8F00031D8FCB1900034925 /* MacBook.m */,
				AA8FFFF31D8FC1A700034925 /* Warrior.h */,
				AA8FFFF61D8FC3EF00034925 /* Wizard.h */,
				AA8FFFF71D8FC3EF00034925 /* Wizard.m */,
				AA8FFFF41D8FC1A700034925 /* Warrior.m */,
				AA8FFFF11D8FB9C900034925 /* Person.m */,
				AA8FFFF91D8FC50800034925 /* Archer.h */,
				AA8FFFFA1D8FC50800034925 /* Archer.m */,
				AA8FFFFC1D8FC60F00034925 /* Healer.h */,
				AA8FFFFD1D8FC60F00034925 /* Healer.m */,
				AA8FFFFF1D8FC72200034925 /* Monster.h */,
				AA8F00001D8FC72200034925 /* Monster.m */,
			);
			path = StructureExample;
			sourceTree = "<group>";
		};
/* End PBXGroup section */

/* Begin PBXNativeTarget section */
		AA8FFFE21D8FB82A00034925 /* StructureExample */ = {
			isa = PBXNativeTarget;
			buildConfigurationList = AA8FFFEA1D8FB82A00034925 /* Build configuration list for PBXNativeTarget "StructureExample" */;
			buildPhases = (
				AA8FFFDF1D8FB82A00034925 /* Sources */,
				AA8FFFE01D8FB82A00034925 /* Frameworks */,
				AA8FFFE11D8FB82A00034925 /* CopyFiles */,
			);
			buildRules = (
			);
			dependencies = (
			);
			name = StructureExample;
			productName = StructureExample;
			productReference = AA8FFFE31D8FB82A00034925 /* StructureExample */;
			productType = "com.apple.product-type.tool";
		};
/* End PBXNativeTarget section */

/* Begin PBXProject section */
		AA8FFFDB1D8FB82A00034925 /* Project object */ = {
			isa = PBXProject;
			attributes = {
				LastUpgradeCheck = 0800;
				ORGANIZATIONNAME = iosSchool;
				TargetAttributes = {
					AA8FFFE21D8FB82A00034925 = {
						CreatedOnToolsVersion = 8.0;
						ProvisioningStyle = Automatic;
					};
				};
			};
			buildConfigurationList = AA8FFFDE1D8FB82A00034925 /* Build configuration list for PBXProject "StructureExample" */;
			compatibilityVersion = "Xcode 3.2";
			developmentRegion = English;
			hasScannedForEncodings = 0;
			knownRegions = (
				en,
			);
			mainGroup = AA8FFFDA1D8FB82A00034925;
			productRefGroup = AA8FFFE41D8FB82A00034925 /* Products */;
			projectDirPath = "";
			projectRoot = "";
			targets = (
				AA8FFFE21D8FB82A00034925 /* StructureExample */,
			);
		};
/* End PBXProject section */

/* Begin PBXSourcesBuildPhase section */
		AA8FFFDF1D8FB82A00034925 /* Sources */ = {
			isa = PBXSourcesBuildPhase;
			buildActionMask = 2147483647;
			files = (
				AA8F00071D8FCE4700034925 /* Chicken.m in Sources */,
				AA8F00041D8FCB1900034925 /* MacBook.m in Sources */,
				AA8FFFF81D8FC3EF00034925 /* Wizard.m in Sources */,
				AA8FFFF51D8FC1A700034925 /* Warrior.m in Sources */,
				AA8FFFF21D8FB9C900034925 /* Person.m in Sources */,
				AA8FFFE71D8FB82A00034925 /* main.m in Sources */,
				AA8F00011D8FC72200034925 /* Monster.m in Sources */,
				AA8FFFFE1D8FC60F00034925 /* Healer.m in Sources */,
				AA8FFFFB1D8FC50800034925 /* Archer.m in Sources */,
			);
			runOnlyForDeploymentPostprocessing = 0;
		};
/* End PBXSourcesBuildPhase section */

/* Begin XCBuildConfiguration section */
		AA8FFFE81D8FB82A00034925 /* Debug */ = {
			isa = XCBuildConfiguration;
			buildSettings = {
				ALWAYS_SEARCH_USER_PATHS = NO;
				CLANG_ANALYZER_NONNULL = YES;
				CLANG_CXX_LANGUAGE_STANDARD = "gnu++0x";
				CLANG_CXX_LIBRARY = "libc++";
				CLANG_ENABLE_MODULES = YES;
				CLANG_ENABLE_OBJC_ARC = YES;
				CLANG_WARN_BOOL_CONVERSION = YES;
				CLANG_WARN_CONSTANT_CONVERSION = YES;
				CLANG_WARN_DIRECT_OBJC_ISA_USAGE = YES_ERROR;
				CLANG_WARN_DOCUMENTATION_COMMENTS = YES;
				CLANG_WARN_EMPTY_BODY = YES;
				CLANG_WARN_ENUM_CONVERSION = YES;
				CLANG_WARN_INFINITE_RECURSION = YES;
				CLANG_WARN_INT_CONVERSION = YES;
				CLANG_WARN_OBJC_ROOT_CLASS = YES_ERROR;
				CLANG_WARN_SUSPICIOUS_MOVES = YES;
				CLANG_WARN_UNREACHABLE_CODE = YES;
				CLANG_WARN__DUPLICATE_METHOD_MATCH = YES;
				CODE_SIGN_IDENTITY = "-";
				COPY_PHASE_STRIP = NO;
				DEBUG_INFORMATION_FORMAT = dwarf;
				ENABLE_STRICT_OBJC_MSGSEND = YES;
				ENABLE_TESTABILITY = YES;
				GCC_C_LANGUAGE_STANDARD = gnu99;
				GCC_DYNAMIC_NO_PIC = NO;
				GCC_NO_COMMON_BLOCKS = YES;
				GCC_OPTIMIZATION_LEVEL = 0;
				GCC_PREPROCESSOR_DEFINITIONS = (
					"DEBUG=1",
					"$(inherited)",
				);
				GCC_WARN_64_TO_32_BIT_CONVERSION = YES;
				GCC_WARN_ABOUT_RETURN_TYPE = YES_ERROR;
				GCC_WARN_UNDECLARED_SELECTOR = YES;
				GCC_WARN_UNINITIALIZED_AUTOS = YES_AGGRESSIVE;
				GCC_WARN_UNUSED_FUNCTION = YES;
				GCC_WARN_UNUSED_VARIABLE = YES;
				MACOSX_DEPLOYMENT_TARGET = 10.11;
				MTL_ENABLE_DEBUG_INFO = YES;
				ONLY_ACTIVE_ARCH = YES;
				SDKROOT = macosx;
			};
			name = Debug;
		};
		AA8FFFE91D8FB82A00034925 /* Release */ = {
			isa = XCBuildConfiguration;
			buildSettings = {
				ALWAYS_SEARCH_USER_PATHS = NO;
				CLANG_ANALYZER_NONNULL = YES;
				CLANG_CXX_LANGUAGE_STANDARD = "gnu++0x";
				CLANG_CXX_LIBRARY = "libc++";
				CLANG_ENABLE_MODULES = YES;
				CLANG_ENABLE_OBJC_ARC = YES;
				CLANG_WARN_BOOL_CONVERSION = YES;
				CLANG_WARN_CONSTANT_CONVERSION = YES;
				CLANG_WARN_DIRECT_OBJC_ISA_USAGE = YES_ERROR;
				CLANG_WARN_DOCUMENTATION_COMMENTS = YES;
				CLANG_WARN_EMPTY_BODY = YES;
				CLANG_WARN_ENUM_CONVERSION = YES;
				CLANG_WARN_INFINITE_RECURSION = YES;
				CLANG_WARN_INT_CONVERSION = YES;
				CLANG_WARN_OBJC_ROOT_CLASS = YES_ERROR;
				CLANG_WARN_SUSPICIOUS_MOVES = YES;
				CLANG_WARN_UNREACHABLE_CODE = YES;
				CLANG_WARN__DUPLICATE_METHOD_MATCH = YES;
				CODE_SIGN_IDENTITY = "-";
				COPY_PHASE_STRIP = NO;
				DEBUG_INFORMATION_FORMAT = "dwarf-with-dsym";
				ENABLE_NS_ASSERTIONS = NO;
				ENABLE_STRICT_OBJC_MSGSEND = YES;
				GCC_C_LANGUAGE_STANDARD = gnu99;
				GCC_NO_COMMON_BLOCKS = YES;
				GCC_WARN_64_TO_32_BIT_CONVERSION = YES;
				GCC_WARN_ABOUT_RETURN_TYPE = YES_ERROR;
				GCC_WARN_UNDECLARED_SELECTOR = YES;
				GCC_WARN_UNINITIALIZED_AUTOS = YES_AGGRESSIVE;
				GCC_WARN_UNUSED_FUNCTION = YES;
				GCC_WARN_UNUSED_VARIABLE = YES;
				MACOSX_DEPLOYMENT_TARGET = 10.11;
				MTL_ENABLE_DEBUG_INFO = NO;
				SDKROOT = macosx;
			};
			name = Release;
		};
		AA8FFFEB1D8FB82A00034925 /* Debug */ = {
			isa = XCBuildConfiguration;
			buildSettings = {
				PRODUCT_NAME = "$(TARGET_NAME)";
			};
			name = Debug;
		};
		AA8FFFEC1D8FB82A00034925 /* Release */ = {
			isa = XCBuildConfiguration;
			buildSettings = {
				PRODUCT_NAME = "$(TARGET_NAME)";
			};
			name = Release;
		};
/* End XCBuildConfiguration section */

/* Begin XCConfigurationList section */
		AA8FFFDE1D8FB82A00034925 /* Build configuration list for PBXProject "StructureExample" */ = {
			isa = XCConfigurationList;
			buildConfigurations = (
				AA8FFFE81D8FB82A00034925 /* Debug */,
				AA8FFFE91D8FB82A00034925 /* Release */,
			);
			defaultConfigurationIsVisible = 0;
			defaultConfigurationName = Release;
		};
		AA8FFFEA1D8FB82A00034925 /* Build configuration list for PBXNativeTarget "StructureExample" */ = {
			isa = XCConfigurationList;
			buildConfigurations = (
				AA8FFFEB1D8FB82A00034925 /* Debug */,
				AA8FFFEC1D8FB82A00034925 /* Release */,
			);
			defaultConfigurationIsVisible = 0;
			defaultConfigurationName = Release;
		};
/* End XCConfigurationList section */
	};
	rootObject = AA8FFFDB1D8FB82A00034925 /* Project object */;
}
